
Microsoft Visual Studio Solution File, Format Version 12.00
# Visual Studio Version 16
VisualStudioVersion = 16.0.30002.166
MinimumVisualStudioVersion = 10.0.40219.1
Project("{FAE04EC0-301F-11D3-BF4B-00C04F79EFBC}") = "DataBindExample", "DataBindExample\DataBindExample.csproj", "{86202256-9BD7-47EA-9E7F-48968FD7BC80}"
EndProject
Project("{FAE04EC0-301F-11D3-BF4B-00C04F79EFBC}") = "RentACar", "RentACar\RentACar.csproj", "{FAE0BA91-6204-4F99-AA31-95BEE3754DB7}"
EndProject
Global
	GlobalSection(SolutionConfigurationPlatforms) = preSolution
		Debug|Any CPU = Debug|Any CPU
		Release|Any CPU = Release|Any CPU
	EndGlobalSection
	GlobalSection(ProjectConfigurationPlatforms) = postSolution
		{86202256-9BD7-47EA-9E7F-48968FD7BC80}.Debug|Any CPU.ActiveCfg = Debug|Any CPU
		{86202256-9BD7-47EA-9E7F-48968FD7BC80}.Debug|Any CPU.Build.0 = Debug|Any CPU
		{86202256-9BD7-47EA-9E7F-48968FD7BC80}.Release|Any CPU.ActiveCfg = Release|Any CPU
		{86202256-9BD7-47EA-9E7F-48968FD7BC80}.Release|Any CPU.Build.0 = Release|Any CPU
		{FAE0BA91-6204-4F99-AA31-95BEE3754DB7}.Debug|Any CPU.ActiveCfg = Debug|Any CPU
		{FAE0BA91-6204-4F99-AA31-95BEE3754DB7}.Debug|Any CPU.Build.0 = Debug|Any CPU
		{FAE0BA91-6204-4F99-AA31-95BEE3754DB7}.Release|Any CPU.ActiveCfg = Release|Any CPU
		{FAE0BA91-6204-4F99-AA31-95BEE3754DB7}.Release|Any CPU.Build.0 = Release|Any CPU
	EndGlobalSection
	GlobalSection(SolutionProperties) = preSolution
		HideSolutionNode = FALSE
	EndGlobalSection
	GlobalSection(ExtensibilityGlobals) = postSolution
		SolutionGuid = {CE0D0DC9-AF98-4B9D-A551-260F805912CB}
	EndGlobalSection
EndGlobal
